Microsoft Visual Studio Solution File, Format Version 12.00
# Visual Studio Version 17
VisualStudioVersion = 17.5.2.0
MinimumVisualStudioVersion = 10.0.40219.1
Project("{FAE04EC0-301F-11D3-BF4B-00C04F79EFBC}") = "DeveloperStore", "DeveloperStore.csproj", "{5401962E-93CC-28DE-8A30-2C7EA61B7770}"
EndProject
Project("{FAE04EC0-301F-11D3-BF4B-00C04F79EFBC}") = "DeveloperStore.API", "DeveloperStore.API\DeveloperStore.API.csproj", "{169BA8F9-1624-4524-A808-F063E2FED9CA}"
EndProject
Project("{FAE04EC0-301F-11D3-BF4B-00C04F79EFBC}") = "DeveloperStore.Domain", "DeveloperStore.Domain\DeveloperStore.Domain.csproj", "{6379407F-BF44-4183-98D0-B3483E0759D1}"
EndProject
Project("{FAE04EC0-301F-11D3-BF4B-00C04F79EFBC}") = "DeveloperStore.Infrastructure", "DeveloperStore.Infrastructure\DeveloperStore.Infrastructure.csproj", "{E1A846F5-F41B-4B32-9359-5F2B6C373337}"
EndProject
Project("{FAE04EC0-301F-11D3-BF4B-00C04F79EFBC}") = "DeveloperStore.Application", "DeveloperStore.Application\DeveloperStore.Application.csproj", "{97BA8421-1611-4E5D-8819-E60CE39F91B4}"
EndProject
Global
	GlobalSection(SolutionConfigurationPlatforms) = preSolution
		Debug|Any CPU = Debug|Any CPU
		Release|Any CPU = Release|Any CPU
	EndGlobalSection
	GlobalSection(ProjectConfigurationPlatforms) = postSolution
		{5401962E-93CC-28DE-8A30-2C7EA61B7770}.Debug|Any CPU.ActiveCfg = Debug|Any CPU
		{5401962E-93CC-28DE-8A30-2C7EA61B7770}.Debug|Any CPU.Build.0 = Debug|Any CPU
		{5401962E-93CC-28DE-8A30-2C7EA61B7770}.Release|Any CPU.ActiveCfg = Release|Any CPU
		{5401962E-93CC-28DE-8A30-2C7EA61B7770}.Release|Any CPU.Build.0 = Release|Any CPU
		{169BA8F9-1624-4524-A808-F063E2FED9CA}.Debug|Any CPU.ActiveCfg = Debug|Any CPU
		{169BA8F9-1624-4524-A808-F063E2FED9CA}.Debug|Any CPU.Build.0 = Debug|Any CPU
		{169BA8F9-1624-4524-A808-F063E2FED9CA}.Release|Any CPU.ActiveCfg = Release|Any CPU
		{169BA8F9-1624-4524-A808-F063E2FED9CA}.Release|Any CPU.Build.0 = Release|Any CPU
		{6379407F-BF44-4183-98D0-B3483E0759D1}.Debug|Any CPU.ActiveCfg = Debug|Any CPU
		{6379407F-BF44-4183-98D0-B3483E0759D1}.Debug|Any CPU.Build.0 = Debug|Any CPU
		{6379407F-BF44-4183-98D0-B3483E0759D1}.Release|Any CPU.ActiveCfg = Release|Any CPU
		{6379407F-BF44-4183-98D0-B3483E0759D1}.Release|Any CPU.Build.0 = Release|Any CPU
		{E1A846F5-F41B-4B32-9359-5F2B6C373337}.Debug|Any CPU.ActiveCfg = Debug|Any CPU
		{E1A846F5-F41B-4B32-9359-5F2B6C373337}.Debug|Any CPU.Build.0 = Debug|Any CPU
		{E1A846F5-F41B-4B32-9359-5F2B6C373337}.Release|Any CPU.ActiveCfg = Release|Any CPU
		{E1A846F5-F41B-4B32-9359-5F2B6C373337}.Release|Any CPU.Build.0 = Release|Any CPU
		{97BA8421-1611-4E5D-8819-E60CE39F91B4}.Debug|Any CPU.ActiveCfg = Debug|Any CPU
		{97BA8421-1611-4E5D-8819-E60CE39F91B4}.Debug|Any CPU.Build.0 = Debug|Any CPU
		{97BA8421-1611-4E5D-8819-E60CE39F91B4}.Release|Any CPU.ActiveCfg = Release|Any CPU
		{97BA8421-1611-4E5D-8819-E60CE39F91B4}.Release|Any CPU.Build.0 = Release|Any CPU
	EndGlobalSection
	GlobalSection(SolutionProperties) = preSolution
		HideSolutionNode = FALSE
	EndGlobalSection
	GlobalSection(ExtensibilityGlobals) = postSolution
		SolutionGuid = {E61FC4E3-9921-4D43-AA60-351A601F8D27}
	EndGlobalSection
EndGlobal
